
Microsoft Visual Studio Solution File, Format Version 12.00
# Visual Studio Version 17
VisualStudioVersion = 17.1.32407.343
MinimumVisualStudioVersion = 10.0.40219.1
Project("{FAE04EC0-301F-11D3-BF4B-00C04F79EFBC}") = "SecretFiles.net60", "SecretFiles.net60\SecretFiles.net60.csproj", "{5C160F9D-B274-4BC7-A994-45A32BCE0974}"
EndProject
Global
	GlobalSection(SolutionConfigurationPlatforms) = preSolution
		Debug|Any CPU = Debug|Any CPU
		Release|Any CPU = Release|Any CPU
	EndGlobalSection
	GlobalSection(ProjectConfigurationPlatforms) = postSolution
		{5C160F9D-B274-4BC7-A994-45A32BCE0974}.Debug|Any CPU.ActiveCfg = Debug|Any CPU
		{5C160F9D-B274-4BC7-A994-45A32BCE0974}.Debug|Any CPU.Build.0 = Debug|Any CPU
		{5C160F9D-B274-4BC7-A994-45A32BCE0974}.Release|Any CPU.ActiveCfg = Release|Any CPU
		{5C160F9D-B274-4BC7-A994-45A32BCE0974}.Release|Any CPU.Build.0 = Release|Any CPU
	EndGlobalSection
	GlobalSection(SolutionProperties) = preSolution
		HideSolutionNode = FALSE
	EndGlobalSection
	GlobalSection(ExtensibilityGlobals) = postSolution
		SolutionGuid = {BF80F143-5BE8-4D9E-B5C5-44A39E961DB0}
	EndGlobalSection
EndGlobal
